
Microsoft Visual Studio Solution File, Format Version 12.00
# Visual Studio Version 16
VisualStudioVersion = 16.0.31729.503
MinimumVisualStudioVersion = 10.0.40219.1
Project("{FAE04EC0-301F-11D3-BF4B-00C04F79EFBC}") = "xcart", "xcart.csproj", "{649E06B0-4EB3-4549-94C1-E3A8054F7CFE}"
EndProject
Global
	GlobalSection(SolutionConfigurationPlatforms) = preSolution
		Debug|Any CPU = Debug|Any CPU
		Release|Any CPU = Release|Any CPU
	EndGlobalSection
	GlobalSection(ProjectConfigurationPlatforms) = postSolution
		{649E06B0-4EB3-4549-94C1-E3A8054F7CFE}.Debug|Any CPU.ActiveCfg = Debug|Any CPU
		{649E06B0-4EB3-4549-94C1-E3A8054F7CFE}.Debug|Any CPU.Build.0 = Debug|Any CPU
		{649E06B0-4EB3-4549-94C1-E3A8054F7CFE}.Release|Any CPU.ActiveCfg = Release|Any CPU
		{649E06B0-4EB3-4549-94C1-E3A8054F7CFE}.Release|Any CPU.Build.0 = Release|Any CPU
	EndGlobalSection
	GlobalSection(SolutionProperties) = preSolution
		HideSolutionNode = FALSE
	EndGlobalSection
	GlobalSection(ExtensibilityGlobals) = postSolution
		SolutionGuid = {0255C7F2-48CA-45CA-9201-E97CE4F43C4C}
	EndGlobalSection
EndGlobal
